
Microsoft Visual Studio Solution File, Format Version 12.00
# Visual Studio Version 17
VisualStudioVersion = 17.1.32319.34
MinimumVisualStudioVersion = 10.0.40219.1
Project("{FAE04EC0-301F-11D3-BF4B-00C04F79EFBC}") = "CSharp Task", "CSharp Task\CSharp Task.csproj", "{7714D014-E262-40FC-9869-F7BF38270542}"
EndProject
Global
	GlobalSection(SolutionConfigurationPlatforms) = preSolution
		Debug|Any CPU = Debug|Any CPU
		Release|Any CPU = Release|Any CPU
	EndGlobalSection
	GlobalSection(ProjectConfigurationPlatforms) = postSolution
		{7714D014-E262-40FC-9869-F7BF38270542}.Debug|Any CPU.ActiveCfg = Debug|Any CPU
		{7714D014-E262-40FC-9869-F7BF38270542}.Debug|Any CPU.Build.0 = Debug|Any CPU
		{7714D014-E262-40FC-9869-F7BF38270542}.Release|Any CPU.ActiveCfg = Release|Any CPU
		{7714D014-E262-40FC-9869-F7BF38270542}.Release|Any CPU.Build.0 = Release|Any CPU
	EndGlobalSection
	GlobalSection(SolutionProperties) = preSolution
		HideSolutionNode = FALSE
	EndGlobalSection
	GlobalSection(ExtensibilityGlobals) = postSolution
		SolutionGuid = {2EFE6F35-B794-472F-A21E-F1F17B0C95F4}
	EndGlobalSection
EndGlobal
